
Microsoft Visual Studio Solution File, Format Version 12.00
# Visual Studio Version 16
VisualStudioVersion = 16.0.30907.101
MinimumVisualStudioVersion = 10.0.40219.1
Project("{9A19103F-16F7-4668-BE54-9A1E7A4F7556}") = "UserAPISample.Core", "UserAPISample\UserAPISample.Core.csproj", "{9DCA59F4-B43D-49AE-8D9C-EBF56E9EFB19}"
EndProject
Project("{9A19103F-16F7-4668-BE54-9A1E7A4F7556}") = "UserAPISample.XUnitTests", "UserAPISample.XUnitTests\UserAPISample.XUnitTests.csproj", "{5D08792A-564F-4B8F-888A-825D92E12BD9}"
EndProject
Project("{9A19103F-16F7-4668-BE54-9A1E7A4F7556}") = "UserAPISample.Model", "UserAPISample.Model\UserAPISample.Model.csproj", "{1FCEABA8-BF08-4347-A860-612BD44270D9}"
EndProject
Project("{9A19103F-16F7-4668-BE54-9A1E7A4F7556}") = "UserAPISample.Dal", "UserAPISample.Dal\UserAPISample.Dal.csproj", "{0F572BAA-DABF-4144-8B6F-2FA60979C5ED}"
EndProject
Project("{9A19103F-16F7-4668-BE54-9A1E7A4F7556}") = "UserAPISample.Bll", "UserAPISample.Bll\UserAPISample.Bll.csproj", "{3E41FCDD-BF8E-4AEF-8226-F74086D051FC}"
EndProject
Global
	GlobalSection(SolutionConfigurationPlatforms) = preSolution
		Debug|Any CPU = Debug|Any CPU
		Release|Any CPU = Release|Any CPU
	EndGlobalSection
	GlobalSection(ProjectConfigurationPlatforms) = postSolution
		{9DCA59F4-B43D-49AE-8D9C-EBF56E9EFB19}.Debug|Any CPU.ActiveCfg = Debug|Any CPU
		{9DCA59F4-B43D-49AE-8D9C-EBF56E9EFB19}.Debug|Any CPU.Build.0 = Debug|Any CPU
		{9DCA59F4-B43D-49AE-8D9C-EBF56E9EFB19}.Release|Any CPU.ActiveCfg = Release|Any CPU
		{9DCA59F4-B43D-49AE-8D9C-EBF56E9EFB19}.Release|Any CPU.Build.0 = Release|Any CPU
		{5D08792A-564F-4B8F-888A-825D92E12BD9}.Debug|Any CPU.ActiveCfg = Debug|Any CPU
		{5D08792A-564F-4B8F-888A-825D92E12BD9}.Debug|Any CPU.Build.0 = Debug|Any CPU
		{5D08792A-564F-4B8F-888A-825D92E12BD9}.Release|Any CPU.ActiveCfg = Release|Any CPU
		{5D08792A-564F-4B8F-888A-825D92E12BD9}.Release|Any CPU.Build.0 = Release|Any CPU
		{1FCEABA8-BF08-4347-A860-612BD44270D9}.Debug|Any CPU.ActiveCfg = Debug|Any CPU
		{1FCEABA8-BF08-4347-A860-612BD44270D9}.Debug|Any CPU.Build.0 = Debug|Any CPU
		{1FCEABA8-BF08-4347-A860-612BD44270D9}.Release|Any CPU.ActiveCfg = Release|Any CPU
		{1FCEABA8-BF08-4347-A860-612BD44270D9}.Release|Any CPU.Build.0 = Release|Any CPU
		{0F572BAA-DABF-4144-8B6F-2FA60979C5ED}.Debug|Any CPU.ActiveCfg = Debug|Any CPU
		{0F572BAA-DABF-4144-8B6F-2FA60979C5ED}.Debug|Any CPU.Build.0 = Debug|Any CPU
		{0F572BAA-DABF-4144-8B6F-2FA60979C5ED}.Release|Any CPU.ActiveCfg = Release|Any CPU
		{0F572BAA-DABF-4144-8B6F-2FA60979C5ED}.Release|Any CPU.Build.0 = Release|Any CPU
		{3E41FCDD-BF8E-4AEF-8226-F74086D051FC}.Debug|Any CPU.ActiveCfg = Debug|Any CPU
		{3E41FCDD-BF8E-4AEF-8226-F74086D051FC}.Debug|Any CPU.Build.0 = Debug|Any CPU
		{3E41FCDD-BF8E-4AEF-8226-F74086D051FC}.Release|Any CPU.ActiveCfg = Release|Any CPU
		{3E41FCDD-BF8E-4AEF-8226-F74086D051FC}.Release|Any CPU.Build.0 = Release|Any CPU
	EndGlobalSection
	GlobalSection(SolutionProperties) = preSolution
		HideSolutionNode = FALSE
	EndGlobalSection
	GlobalSection(ExtensibilityGlobals) = postSolution
		SolutionGuid = {02789BCA-5BA8-4519-9894-BDCCD043F8AD}
	EndGlobalSection
EndGlobal
